
Microsoft Visual Studio Solution File, Format Version 12.00
# Visual Studio 2012
Project("{FAE04EC0-301F-11D3-BF4B-00C04F79EFBC}") = "TaskApplication", "TaskApplication\TaskApplication.csproj", "{33A7FE3C-1AB4-4AFF-8581-038290CA36D0}"
EndProject
Project("{FAE04EC0-301F-11D3-BF4B-00C04F79EFBC}") = "TaskApplication.DataAccess", "TaskApplication.DataAccess\TaskApplication.DataAccess.csproj", "{8FD11394-491D-439E-BC4D-C0016974A678}"
EndProject
Project("{FAE04EC0-301F-11D3-BF4B-00C04F79EFBC}") = "TaskApplication.Services", "TaskApplication.Services\TaskApplication.Services.csproj", "{0D8D037A-E33A-4376-BEB8-681286F2F14B}"
EndProject
Project("{FAE04EC0-301F-11D3-BF4B-00C04F79EFBC}") = "TaskApplication.Common", "TaskApplication.Common\TaskApplication.Common.csproj", "{54744158-389A-4B48-8457-870ED85F553B}"
EndProject
Global
	GlobalSection(SolutionConfigurationPlatforms) = preSolution
		Debug|Any CPU = Debug|Any CPU
		Release|Any CPU = Release|Any CPU
	EndGlobalSection
	GlobalSection(ProjectConfigurationPlatforms) = postSolution
		{33A7FE3C-1AB4-4AFF-8581-038290CA36D0}.Debug|Any CPU.ActiveCfg = Debug|Any CPU
		{33A7FE3C-1AB4-4AFF-8581-038290CA36D0}.Debug|Any CPU.Build.0 = Debug|Any CPU
		{33A7FE3C-1AB4-4AFF-8581-038290CA36D0}.Release|Any CPU.ActiveCfg = Release|Any CPU
		{33A7FE3C-1AB4-4AFF-8581-038290CA36D0}.Release|Any CPU.Build.0 = Release|Any CPU
		{8FD11394-491D-439E-BC4D-C0016974A678}.Debug|Any CPU.ActiveCfg = Debug|Any CPU
		{8FD11394-491D-439E-BC4D-C0016974A678}.Debug|Any CPU.Build.0 = Debug|Any CPU
		{8FD11394-491D-439E-BC4D-C0016974A678}.Release|Any CPU.ActiveCfg = Release|Any CPU
		{8FD11394-491D-439E-BC4D-C0016974A678}.Release|Any CPU.Build.0 = Release|Any CPU
		{0D8D037A-E33A-4376-BEB8-681286F2F14B}.Debug|Any CPU.ActiveCfg = Debug|Any CPU
		{0D8D037A-E33A-4376-BEB8-681286F2F14B}.Debug|Any CPU.Build.0 = Debug|Any CPU
		{0D8D037A-E33A-4376-BEB8-681286F2F14B}.Release|Any CPU.ActiveCfg = Release|Any CPU
		{0D8D037A-E33A-4376-BEB8-681286F2F14B}.Release|Any CPU.Build.0 = Release|Any CPU
		{54744158-389A-4B48-8457-870ED85F553B}.Debug|Any CPU.ActiveCfg = Debug|Any CPU
		{54744158-389A-4B48-8457-870ED85F553B}.Debug|Any CPU.Build.0 = Debug|Any CPU
		{54744158-389A-4B48-8457-870ED85F553B}.Release|Any CPU.ActiveCfg = Release|Any CPU
		{54744158-389A-4B48-8457-870ED85F553B}.Release|Any CPU.Build.0 = Release|Any CPU
	EndGlobalSection
	GlobalSection(SolutionProperties) = preSolution
		HideSolutionNode = FALSE
	EndGlobalSection
EndGlobal
